
Microsoft Visual Studio Solution File, Format Version 12.00
# Visual Studio Version 17
VisualStudioVersion = 17.9.34728.123
MinimumVisualStudioVersion = 10.0.40219.1
Project("{FAE04EC0-301F-11D3-BF4B-00C04F79EFBC}") = "MSSqlForWinForm", "MSSqlForWinForm.csproj", "{023DF38A-6F7E-4AC1-8AB8-5EE2142D7426}"
EndProject
Global
	GlobalSection(SolutionConfigurationPlatforms) = preSolution
		Debug|Any CPU = Debug|Any CPU
		Release|Any CPU = Release|Any CPU
	EndGlobalSection
	GlobalSection(ProjectConfigurationPlatforms) = postSolution
		{023DF38A-6F7E-4AC1-8AB8-5EE2142D7426}.Debug|Any CPU.ActiveCfg = Debug|Any CPU
		{023DF38A-6F7E-4AC1-8AB8-5EE2142D7426}.Debug|Any CPU.Build.0 = Debug|Any CPU
		{023DF38A-6F7E-4AC1-8AB8-5EE2142D7426}.Release|Any CPU.ActiveCfg = Release|Any CPU
		{023DF38A-6F7E-4AC1-8AB8-5EE2142D7426}.Release|Any CPU.Build.0 = Release|Any CPU
	EndGlobalSection
	GlobalSection(SolutionProperties) = preSolution
		HideSolutionNode = FALSE
	EndGlobalSection
	GlobalSection(ExtensibilityGlobals) = postSolution
		SolutionGuid = {93117E30-702E-42EC-B217-27E267E56B50}
	EndGlobalSection
EndGlobal
